// !$*UTF8*$!
{
	archiveVersion = 1;
	classes = {
	};
	objectVersion = 46;
	objects = {

/* Begin PBXBuildFile section */
		68453E0B1B19FF520066E97E /* main.m in Sources */ = {isa = PBXBuildFile; fileRef = 68453E0A1B19FF520066E97E /* main.m */; };
		68453E0E1B19FF520066E97E /* AppDelegate.m in Sources */ = {isa = PBXBuildFile; fileRef = 68453E0D1B19FF520066E97E /* AppDelegate.m */; };
		68453E111B19FF520066E97E /* ViewController.m in Sources */ = {isa = PBXBuildFile; fileRef = 68453E101B19FF520066E97E /* ViewController.m */; };
		68453E141B19FF520066E97E /* Main.storyboard in Resources */ = {isa = PBXBuildFile; fileRef = 68453E121B19FF520066E97E /* Main.storyboard */; };
		68453E161B19FF520066E97E /* Images.xcassets in Resources */ = {isa = PBXBuildFile; fileRef = 68453E151B19FF520066E97E /* Images.xcassets */; };
		68453E191B19FF520066E97E /* LaunchScreen.xib in Resources */ = {isa = PBXBuildFile; fileRef = 68453E171B19FF520066E97E /* LaunchScreen.xib */; };
		68453E251B19FF530066E97E /* UIHorizontalTableViewDemoTests.m in Sources */ = {isa = PBXBuildFile; fileRef = 68453E241B19FF530066E97E /* UIHorizontalTableViewDemoTests.m */; };
		68453E301B1A0AC20066E97E /* UIHorizontalTableView.m in Sources */ = {isa = PBXBuildFile; fileRef = 68453E2F1B1A0AC20066E97E /* UIHorizontalTableView.m */; };
/* End PBXBuildFile section */

/* Begin PBXContainerItemProxy section */
		68453E1F1B19FF530066E97E /* PBXContainerItemProxy */ = {
			isa = PBXContainerItemProxy;
			containerPortal = 68453DFD1B19FF520066E97E /* Project object */;
			proxyType = 1;
			remoteGlobalIDString = 68453E041B19FF520066E97E;
			remoteInfo = UIHorizontalTableViewDemo;
		};
/* End PBXContainerItemProxy section */

/* Begin PBXFileReference section */
		68453E051B19FF520066E97E /* UIHorizontalTableViewDemo.app */ = {isa = PBXFileReference; explicitFileType = wrapper.application; includeInIndex = 0; path = UIHorizontalTableViewDemo.app; sourceTree = BUILT_PRODUCTS_DIR; };
		68453E091B19FF520066E97E /* Info.plist */ = {isa = PBXFileReference; lastKnownFileType = text.plist.xml; path = Info.plist; sourceTree = "<group>"; };
		68453E0A1B19FF520066E97E /* main.m */ = {isa = PBXFileReference; lastKnownFileType = sourcecode.c.objc; path = main.m; sourceTree = "<group>"; };
		68453E0C1B19FF520066E97E /* AppDelegate.h */ = {isa = PBXFileReference; lastKnownFileType = sourcecode.c.h; path = AppDelegate.h; sourceTree = "<group>"; };
		68453E0D1B19FF520066E97E /* AppDelegate.m */ = {isa = PBXFileReference; lastKnownFileType = sourcecode.c.objc; path = AppDelegate.m; sourceTree = "<group>"; };
		68453E0F1B19FF520066E97E /* ViewController.h */ = {isa = PBXFileReference; lastKnownFileType = sourcecode.c.h; path = ViewController.h; sourceTree = "<group>"; };
		68453E101B19FF520066E97E /* ViewController.m */ = {isa = PBXFileReference; lastKnownFileType = sourcecode.c.objc; path = ViewController.m; sourceTree = "<group>"; };
		68453E131B19FF520066E97E /* Base */ = {isa = PBXFileReference; lastKnownFileType = file.storyboard; name = Base; path = Base.lproj/Main.storyboard; sourceTree = "<group>"; };
		68453E151B19FF520066E97E /* Images.xcassets */ = {isa = PBXFileReference; lastKnownFileType = folder.assetcatalog; path = Images.xcassets; sourceTree = "<group>"; };
		68453E181B19FF520066E97E /* Base */ = {isa = PBXFileReference; lastKnownFileType = file.xib; name = Base; path = Base.lproj/LaunchScreen.xib; sourceTree = "<group>"; };
		68453E1E1B19FF530066E97E /* UIHorizontalTableViewDemoTests.xctest */ = {isa = PBXFileReference; explicitFileType = wrapper.cfbundle; includeInIndex = 0; path = UIHorizontalTableViewDemoTests.xctest; sourceTree = BUILT_PRODUCTS_DIR; };
		68453E231B19FF530066E97E /* Info.plist */ = {isa = PBXFileReference; lastKnownFileType = text.plist.xml; path = Info.plist; sourceTree = "<group>"; };
		68453E241B19FF530066E97E /* UIHorizontalTableViewDemoTests.m */ = {isa = PBXFileReference; lastKnownFileType = sourcecode.c.objc; path = UIHorizontalTableViewDemoTests.m; sourceTree = "<group>"; };
		68453E2E1B1A0AC10066E97E /* UIHorizontalTableView.h */ = {isa = PBXFileReference; fileEncoding = 4; lastKnownFileType = sourcecode.c.h; name = UIHorizontalTableView.h; path = ../../UIHorizontalTableView.h; sourceTree = "<group>"; };
		68453E2F1B1A0AC20066E97E /* UIHorizontalTableView.m */ = {isa = PBXFileReference; fileEncoding = 4; lastKnownFileType = sourcecode.c.objc; name = UIHorizontalTableView.m; path = ../../UIHorizontalTableView.m; sourceTree = "<group>"; };
/* End PBXFileReference section */

/* Begin PBXFrameworksBuildPhase section */
		68453E021B19FF520066E97E /* Frameworks */ = {
			isa = PBXFrameworksBuildPhase;
			buildActionMask = 2147483647;
			files = (
			);
			runOnlyForDeploymentPostprocessing = 0;
		};
		68453E1B1B19FF530066E97E /* Frameworks */ = {
			isa = PBXFrameworksBuildPhase;
			buildActionMask = 2147483647;
			files = (
			);
			runOnlyForDeploymentPostprocessing = 0;
		};
/* End PBXFrameworksBuildPhase section */

/* Begin PBXGroup section */
		68453DFC1B19FF520066E97E = {
			isa = PBXGroup;
			children = (
				68453E071B19FF520066E97E /* UIHorizontalTableViewDemo */,
				68453E211B19FF530066E97E /* UIHorizontalTableViewDemoTests */,
				68453E061B19FF520066E97E /* Products */,
			);
			sourceTree = "<group>";
		};
		68453E061B19FF520066E97E /* Products */ = {
			isa = PBXGroup;
			children = (
				68453E051B19FF520066E97E /* UIHorizontalTableViewDemo.app */,
				68453E1E1B19FF530066E97E /* UIHorizontalTableViewDemoTests.xctest */,
			);
			name = Products;
			sourceTree = "<group>";
		};
		68453E071B19FF520066E97E /* UIHorizontalTableViewDemo */ = {
			isa = PBXGroup;
			children = (
				68453E2E1B1A0AC10066E97E /* UIHorizontalTableView.h */,
				68453E2F1B1A0AC20066E97E /* UIHorizontalTableView.m */,
				68453E0C1B19FF520066E97E /* AppDelegate.h */,
				68453E0D1B19FF520066E97E /* AppDelegate.m */,
				68453E0F1B19FF520066E97E /* ViewController.h */,
				68453E101B19FF520066E97E /* ViewController.m */,
				68453E121B19FF520066E97E /* Main.storyboard */,
				68453E151B19FF520066E97E /* Images.xcassets */,
				68453E171B19FF520066E97E /* LaunchScreen.xib */,
				68453E081B19FF520066E97E /* Supporting Files */,
			);
			path = UIHorizontalTableViewDemo;
			sourceTree = "<group>";
		};
		68453E081B19FF520066E97E /* Supporting Files */ = {
			isa = PBXGroup;
			children = (
				68453E091B19FF520066E97E /* Info.plist */,
				68453E0A1B19FF520066E97E /* main.m */,
			);
			name = "Supporting Files";
			sourceTree = "<group>";
		};
		68453E211B19FF530066E97E /* UIHorizontalTableViewDemoTests */ = {
			isa = PBXGroup;
			children = (
				68453E241B19FF530066E97E /* UIHorizontalTableViewDemoTests.m */,
				68453E221B19FF530066E97E /* Supporting Files */,
			);
			path = UIHorizontalTableViewDemoTests;
			sourceTree = "<group>";
		};
		68453E221B19FF530066E97E /* Supporting Files */ = {
			isa = PBXGroup;
			children = (
				68453E231B19FF530066E97E /* Info.plist */,
			);
			name = "Supporting Files";
			sourceTree = "<group>";
		};
/* End PBXGroup section */

/* Begin PBXNativeTarget section */
		68453E041B19FF520066E97E /* UIHorizontalTableViewDemo */ = {
			isa = PBXNativeTarget;
			buildConfigurationList = 68453E281B19FF530066E97E /* Build configuration list for PBXNativeTarget "UIHorizontalTableViewDemo" */;
			buildPhases = (
				68453E011B19FF520066E97E /* Sources */,
				68453E021B19FF520066E97E /* Frameworks */,
				68453E031B19FF520066E97E /* Resources */,
			);
			buildRules = (
			);
			dependencies = (
			);
			name = UIHorizontalTableViewDemo;
			productName = UIHorizontalTableViewDemo;
			productReference = 68453E051B19FF520066E97E /* UIHorizontalTableViewDemo.app */;
			productType = "com.apple.product-type.application";
		};
		68453E1D1B19FF530066E97E /* UIHorizontalTableViewDemoTests */ = {
			isa = PBXNativeTarget;
			buildConfigurationList = 68453E2B1B19FF530066E97E /* Build configuration list for PBXNativeTarget "UIHorizontalTableViewDemoTests" */;
			buildPhases = (
				68453E1A1B19FF530066E97E /* Sources */,
				68453E1B1B19FF530066E97E /* Frameworks */,
				68453E1C1B19FF530066E97E /* Resources */,
			);
			buildRules = (
			);
			dependencies = (
				68453E201B19FF530066E97E /* PBXTargetDependency */,
			);
			name = UIHorizontalTableViewDemoTests;
			productName = UIHorizontalTableViewDemoTests;
			productReference = 68453E1E1B19FF530066E97E /* UIHorizontalTableViewDemoTests.xctest */;
			productType = "com.apple.product-type.bundle.unit-test";
		};
/* End PBXNativeTarget section */

/* Begin PBXProject section */
		68453DFD1B19FF520066E97E /* Project object */ = {
			isa = PBXProject;
			attributes = {
				LastUpgradeCheck = 0620;
				ORGANIZATIONNAME = deput;
				TargetAttributes = {
					68453E041B19FF520066E97E = {
						CreatedOnToolsVersion = 6.2;
					};
					68453E1D1B19FF530066E97E = {
						CreatedOnToolsVersion = 6.2;
						TestTargetID = 68453E041B19FF520066E97E;
					};
				};
			};
			buildConfigurationList = 68453E001B19FF520066E97E /* Build configuration list for PBXProject "UIHorizontalTableViewDemo" */;
			compatibilityVersion = "Xcode 3.2";
			developmentRegion = English;
			hasScannedForEncodings = 0;
			knownRegions = (
				en,
				Base,
			);
			mainGroup = 68453DFC1B19FF520066E97E;
			productRefGroup = 68453E061B19FF520066E97E /* Products */;
			projectDirPath = "";
			projectRoot = "";
			targets = (
				68453E041B19FF520066E97E /* UIHorizontalTableViewDemo */,
				68453E1D1B19FF530066E97E /* UIHorizontalTableViewDemoTests */,
			);
		};
/* End PBXProject section */

/* Begin PBXResourcesBuildPhase section */
		68453E031B19FF520066E97E /* Resources */ = {
			isa = PBXResourcesBuildPhase;
			buildActionMask = 2147483647;
			files = (
				68453E141B19FF520066E97E /* Main.storyboard in Resources */,
				68453E191B19FF520066E97E /* LaunchScreen.xib in Resources */,
				68453E161B19FF520066E97E /* Images.xcassets in Resources */,
			);
			runOnlyForDeploymentPostprocessing = 0;
		};
		68453E1C1B19FF530066E97E /* Resources */ = {
			isa = PBXResourcesBuildPhase;
			buildActionMask = 2147483647;
			files = (
			);
			runOnlyForDeploymentPostprocessing = 0;
		};
/* End PBXResourcesBuildPhase section */

/* Begin PBXSourcesBuildPhase section */
		68453E011B19FF520066E97E /* Sources */ = {
			isa = PBXSourcesBuildPhase;
			buildActionMask = 2147483647;
			files = (
				68453E111B19FF520066E97E /* ViewController.m in Sources */,
				68453E301B1A0AC20066E97E /* UIHorizontalTableView.m in Sources */,
				68453E0E1B19FF520066E97E /* AppDelegate.m in Sources */,
				68453E0B1B19FF520066E97E /* main.m in Sources */,
			);
			runOnlyForDeploymentPostprocessing = 0;
		};
		68453E1A1B19FF530066E97E /* Sources */ = {
			isa = PBXSourcesBuildPhase;
			buildActionMask = 2147483647;
			files = (
				68453E251B19FF530066E97E /* UIHorizontalTableViewDemoTests.m in Sources */,
			);
			runOnlyForDeploymentPostprocessing = 0;
		};
/* End PBXSourcesBuildPhase section */

/* Begin PBXTargetDependency section */
		68453E201B19FF530066E97E /* PBXTargetDependency */ = {
			isa = PBXTargetDependency;
			target = 68453E041B19FF520066E97E /* UIHorizontalTableViewDemo */;
			targetProxy = 68453E1F1B19FF530066E97E /* PBXContainerItemProxy */;
		};
/* End PBXTargetDependency section */

/* Begin PBXVariantGroup section */
		68453E121B19FF520066E97E /* Main.storyboard */ = {
			isa = PBXVariantGroup;
			children = (
				68453E131B19FF520066E97E /* Base */,
			);
			name = Main.storyboard;
			sourceTree = "<group>";
		};
		68453E171B19FF520066E97E /* LaunchScreen.xib */ = {
			isa = PBXVariantGroup;
			children = (
				68453E181B19FF520066E97E /* Base */,
			);
			name = LaunchScreen.xib;
			sourceTree = "<group>";
		};
/* End PBXVariantGroup section */

/* Begin XCBuildConfiguration section */
		68453E261B19FF530066E97E /* Debug */ = {
			isa = XCBuildConfiguration;
			buildSettings = {
				ALWAYS_SEARCH_USER_PATHS = NO;
				CLANG_CXX_LANGUAGE_STANDARD = "gnu++0x";
				CLANG_CXX_LIBRARY = "libc++";
				CLANG_ENABLE_MODULES = YES;
				CLANG_ENABLE_OBJC_ARC = YES;
				CLANG_WARN_BOOL_CONVERSION = YES;
				CLANG_WARN_CONSTANT_CONVERSION = YES;
				CLANG_WARN_DIRECT_OBJC_ISA_USAGE = YES_ERROR;
				CLANG_WARN_EMPTY_BODY = YES;
				CLANG_WARN_ENUM_CONVERSION = YES;
				CLANG_WARN_INT_CONVERSION = YES;
				CLANG_WARN_OBJC_ROOT_CLASS = YES_ERROR;
				CLANG_WARN_UNREACHABLE_CODE = YES;
				CLANG_WARN__DUPLICATE_METHOD_MATCH = YES;
				"CODE_SIGN_IDENTITY[sdk=iphoneos*]" = "iPhone Developer";
				COPY_PHASE_STRIP = NO;
				ENABLE_STRICT_OBJC_MSGSEND = YES;
				GCC_C_LANGUAGE_STANDARD = gnu99;
				GCC_DYNAMIC_NO_PIC = NO;
				GCC_OPTIMIZATION_LEVEL = 0;
				GCC_PREPROCESSOR_DEFINITIONS = (
					"DEBUG=1",
					"$(inherited)",
				);
				GCC_SYMBOLS_PRIVATE_EXTERN = NO;
				GCC_WARN_64_TO_32_BIT_CONVERSION = YES;
				GCC_WARN_ABOUT_RETURN_TYPE = YES_ERROR;
				GCC_WARN_UNDECLARED_SELECTOR = YES;
				GCC_WARN_UNINITIALIZED_AUTOS = YES_AGGRESSIVE;
				GCC_WARN_UNUSED_FUNCTION = YES;
				GCC_WARN_UNUSED_VARIABLE = YES;
				IPHONEOS_DEPLOYMENT_TARGET = 8.2;
				MTL_ENABLE_DEBUG_INFO = YES;
				ONLY_ACTIVE_ARCH = YES;
				SDKROOT = iphoneos;
			};
			name = Debug;
		};
		68453E271B19FF530066E97E /* Release */ = {
			isa = XCBuildConfiguration;
			buildSettings = {
				ALWAYS_SEARCH_USER_PATHS = NO;
				CLANG_CXX_LANGUAGE_STANDARD = "gnu++0x";
				CLANG_CXX_LIBRARY = "libc++";
				CLANG_ENABLE_MODULES = YES;
				CLANG_ENABLE_OBJC_ARC = YES;
				CLANG_WARN_BOOL_CONVERSION = YES;
				CLANG_WARN_CONSTANT_CONVERSION = YES;
				CLANG_WARN_DIRECT_OBJC_ISA_USAGE = YES_ERROR;
				CLANG_WARN_EMPTY_BODY = YES;
				CLANG_WARN_ENUM_CONVERSION = YES;
				CLANG_WARN_INT_CONVERSION = YES;
				CLANG_WARN_OBJC_ROOT_CLASS = YES_ERROR;
				CLANG_WARN_UNREACHABLE_CODE = YES;
				CLANG_WARN__DUPLICATE_METHOD_MATCH = YES;
				"CODE_SIGN_IDENTITY[sdk=iphoneos*]" = "iPhone Developer";
				COPY_PHASE_STRIP = NO;
				ENABLE_NS_ASSERTIONS = NO;
				ENABLE_STRICT_OBJC_MSGSEND = YES;
				GCC_C_LANGUAGE_STANDARD = gnu99;
				GCC_WARN_64_TO_32_BIT_CONVERSION = YES;
				GCC_WARN_ABOUT_RETURN_TYPE = YES_ERROR;
				GCC_WARN_UNDECLARED_SELECTOR = YES;
				GCC_WARN_UNINITIALIZED_AUTOS = YES_AGGRESSIVE;
				GCC_WARN_UNUSED_FUNCTION = YES;
				GCC_WARN_UNUSED_VARIABLE = YES;
				IPHONEOS_DEPLOYMENT_TARGET = 8.2;
				MTL_ENABLE_DEBUG_INFO = NO;
				SDKROOT = iphoneos;
				VALIDATE_PRODUCT = YES;
			};
			name = Release;
		};
		68453E291B19FF530066E97E /* Debug */ = {
			isa = XCBuildConfiguration;
			buildSettings = {
				ASSETCATALOG_COMPILER_APPICON_NAME = AppIcon;
				INFOPLIST_FILE = UIHorizontalTableViewDemo/Info.plist;
				LD_RUNPATH_SEARCH_PATHS = "$(inherited) @executable_path/Frameworks";
				PRODUCT_NAME = "$(TARGET_NAME)";
			};
			name = Debug;
		};
		68453E2A1B19FF530066E97E /* Release */ = {
			isa = XCBuildConfiguration;
			buildSettings = {
				ASSETCATALOG_COMPILER_APPICON_NAME = AppIcon;
				INFOPLIST_FILE = UIHorizontalTableViewDemo/Info.plist;
				LD_RUNPATH_SEARCH_PATHS = "$(inherited) @executable_path/Frameworks";
				PRODUCT_NAME = "$(TARGET_NAME)";
			};
			name = Release;
		};
		68453E2C1B19FF530066E97E /* Debug */ = {
			isa = XCBuildConfiguration;
			buildSettings = {
				BUNDLE_LOADER = "$(TEST_HOST)";
				FRAMEWORK_SEARCH_PATHS = (
					"$(SDKROOT)/Developer/Library/Frameworks",
					"$(inherited)",
				);
				GCC_PREPROCESSOR_DEFINITIONS = (
					"DEBUG=1",
					"$(inherited)",
				);
				INFOPLIST_FILE = UIHorizontalTableViewDemoTests/Info.plist;
				LD_RUNPATH_SEARCH_PATHS = "$(inherited) @executable_path/Frameworks @loader_path/Frameworks";
				PRODUCT_NAME = "$(TARGET_NAME)";
				TEST_HOST = "$(BUILT_PRODUCTS_DIR)/UIHorizontalTableViewDemo.app/UIHorizontalTableViewDemo";
			};
			name = Debug;
		};
		68453E2D1B19FF530066E97E /* Release */ = {
			isa = XCBuildConfiguration;
			buildSettings = {
				BUNDLE_LOADER = "$(TEST_HOST)";
				FRAMEWORK_SEARCH_PATHS = (
					"$(SDKROOT)/Developer/Library/Frameworks",
					"$(inherited)",
				);
				INFOPLIST_FILE = UIHorizontalTableViewDemoTests/Info.plist;
				LD_RUNPATH_SEARCH_PATHS = "$(inherited) @executable_path/Frameworks @loader_path/Frameworks";
				PRODUCT_NAME = "$(TARGET_NAME)";
				TEST_HOST = "$(BUILT_PRODUCTS_DIR)/UIHorizontalTableViewDemo.app/UIHorizontalTableViewDemo";
			};
			name = Release;
		};
/* End XCBuildConfiguration section */

/* Begin XCConfigurationList section */
		68453E001B19FF520066E97E /* Build configuration list for PBXProject "UIHorizontalTableViewDemo" */ = {
			isa = XCConfigurationList;
			buildConfigurations = (
				68453E261B19FF530066E97E /* Debug */,
				68453E271B19FF530066E97E /* Release */,
			);
			defaultConfigurationIsVisible = 0;
			defaultConfigurationName = Release;
		};
		68453E281B19FF530066E97E /* Build configuration list for PBXNativeTarget "UIHorizontalTableViewDemo" */ = {
			isa = XCConfigurationList;
			buildConfigurations = (
				68453E291B19FF530066E97E /* Debug */,
				68453E2A1B19FF530066E97E /* Release */,
			);
			defaultConfigurationIsVisible = 0;
			defaultConfigurationName = Release;
		};
		68453E2B1B19FF530066E97E /* Build configuration list for PBXNativeTarget "UIHorizontalTableViewDemoTests" */ = {
			isa = XCConfigurationList;
			buildConfigurations = (
				68453E2C1B19FF530066E97E /* Debug */,
				68453E2D1B19FF530066E97E /* Release */,
			);
			defaultConfigurationIsVisible = 0;
			defaultConfigurationName = Release;
		};
/* End XCConfigurationList section */
	};
	rootObject = 68453DFD1B19FF520066E97E /* Project object */;
}
